
Microsoft Visual Studio Solution File, Format Version 12.00
# Visual Studio Version 16
VisualStudioVersion = 16.0.29409.12
MinimumVisualStudioVersion = 10.0.40219.1
Project("{9A19103F-16F7-4668-BE54-9A1E7A4F7556}") = "TimeUnit", "TimeUnit\TimeUnit.csproj", "{C096BF26-5136-4DFE-BFB3-1422D06F001C}"
EndProject
Project("{2150E333-8FDC-42A3-9474-1A3956D46DE8}") = "Solution Items", "Solution Items", "{6FA3C8CE-47FF-4146-B805-F8226AB31FC6}"
	ProjectSection(SolutionItems) = preProject
		README.md = README.md
	EndProjectSection
EndProject
Project("{9A19103F-16F7-4668-BE54-9A1E7A4F7556}") = "TimeUnit.Tests", "TimeUnit.Tests\TimeUnit.Tests.csproj", "{8B22D78C-66D8-494E-A65D-C364F8331E6E}"
EndProject
Global
	GlobalSection(SolutionConfigurationPlatforms) = preSolution
		Debug|Any CPU = Debug|Any CPU
		Release|Any CPU = Release|Any CPU
	EndGlobalSection
	GlobalSection(ProjectConfigurationPlatforms) = postSolution
		{C096BF26-5136-4DFE-BFB3-1422D06F001C}.Debug|Any CPU.ActiveCfg = Debug|Any CPU
		{C096BF26-5136-4DFE-BFB3-1422D06F001C}.Debug|Any CPU.Build.0 = Debug|Any CPU
		{C096BF26-5136-4DFE-BFB3-1422D06F001C}.Release|Any CPU.ActiveCfg = Release|Any CPU
		{C096BF26-5136-4DFE-BFB3-1422D06F001C}.Release|Any CPU.Build.0 = Release|Any CPU
		{8B22D78C-66D8-494E-A65D-C364F8331E6E}.Debug|Any CPU.ActiveCfg = Debug|Any CPU
		{8B22D78C-66D8-494E-A65D-C364F8331E6E}.Debug|Any CPU.Build.0 = Debug|Any CPU
		{8B22D78C-66D8-494E-A65D-C364F8331E6E}.Release|Any CPU.ActiveCfg = Release|Any CPU
		{8B22D78C-66D8-494E-A65D-C364F8331E6E}.Release|Any CPU.Build.0 = Release|Any CPU
	EndGlobalSection
	GlobalSection(SolutionProperties) = preSolution
		HideSolutionNode = FALSE
	EndGlobalSection
	GlobalSection(ExtensibilityGlobals) = postSolution
		SolutionGuid = {8D42563F-8759-4AB5-BB48-01F469CBF1AE}
	EndGlobalSection
EndGlobal
